
Microsoft Visual Studio Solution File, Format Version 12.00
# Visual Studio Version 16
VisualStudioVersion = 16.0.29102.190
MinimumVisualStudioVersion = 10.0.40219.1
Project("{FAE04EC0-301F-11D3-BF4B-00C04F79EFBC}") = "Superhero App", "Superhero App\Superhero App.csproj", "{30CD006F-D2D0-4A48-9C3E-56FFCB0DAEE4}"
EndProject
Global
	GlobalSection(SolutionConfigurationPlatforms) = preSolution
		Debug|Any CPU = Debug|Any CPU
		Release|Any CPU = Release|Any CPU
	EndGlobalSection
	GlobalSection(ProjectConfigurationPlatforms) = postSolution
		{30CD006F-D2D0-4A48-9C3E-56FFCB0DAEE4}.Debug|Any CPU.ActiveCfg = Debug|Any CPU
		{30CD006F-D2D0-4A48-9C3E-56FFCB0DAEE4}.Debug|Any CPU.Build.0 = Debug|Any CPU
		{30CD006F-D2D0-4A48-9C3E-56FFCB0DAEE4}.Release|Any CPU.ActiveCfg = Release|Any CPU
		{30CD006F-D2D0-4A48-9C3E-56FFCB0DAEE4}.Release|Any CPU.Build.0 = Release|Any CPU
	EndGlobalSection
	GlobalSection(SolutionProperties) = preSolution
		HideSolutionNode = FALSE
	EndGlobalSection
	GlobalSection(ExtensibilityGlobals) = postSolution
		SolutionGuid = {A249D0D9-668B-4414-8C94-8E00087FBC36}
	EndGlobalSection
EndGlobal
